
Microsoft Visual Studio Solution File, Format Version 12.00
# Visual Studio 14
VisualStudioVersion = 14.0.25420.1
MinimumVisualStudioVersion = 10.0.40219.1
Project("{FAE04EC0-301F-11D3-BF4B-00C04F79EFBC}") = "xeet.Droid", "xeet\xeet.Droid\xeet.Droid.csproj", "{F87BE5A4-3B3D-4FFA-8D53-E8DF4330D891}"
EndProject
Project("{FAE04EC0-301F-11D3-BF4B-00C04F79EFBC}") = "xeet.iOS", "xeet\xeet.iOS\xeet.iOS.csproj", "{CB7A9E36-24EF-43FE-9E55-ABAD6F87437C}"
EndProject
Project("{FAE04EC0-301F-11D3-BF4B-00C04F79EFBC}") = "xeet.WinPhone", "xeet\xeet.WinPhone\xeet.WinPhone.csproj", "{E15FD5F1-1139-4A74-91FF-C0E349162F10}"
EndProject
Project("{FAE04EC0-301F-11D3-BF4B-00C04F79EFBC}") = "xeet.UWP", "xeet\xeet.UWP\xeet.UWP.csproj", "{DF31DC3B-7D7A-49A2-86B4-2CA0446836F7}"
EndProject
Project("{FAE04EC0-301F-11D3-BF4B-00C04F79EFBC}") = "xeet.Windows", "xeet\xeet.Windows\xeet.Windows.csproj", "{255ADF9E-10FE-4FB1-8DDD-2DE8937C41AC}"
EndProject
Project("{FAE04EC0-301F-11D3-BF4B-00C04F79EFBC}") = "xeet", "xeet\xeet\xeet.csproj", "{C60F9D0C-F085-4FEE-B18C-7C478C460AF9}"
EndProject
Global
	GlobalSection(SolutionConfigurationPlatforms) = preSolution
		Ad-Hoc|Any CPU = Ad-Hoc|Any CPU
		Ad-Hoc|ARM = Ad-Hoc|ARM
		Ad-Hoc|iPhone = Ad-Hoc|iPhone
		Ad-Hoc|iPhoneSimulator = Ad-Hoc|iPhoneSimulator
		Ad-Hoc|x64 = Ad-Hoc|x64
		Ad-Hoc|x86 = Ad-Hoc|x86
		AppStore|Any CPU = AppStore|Any CPU
		AppStore|ARM = AppStore|ARM
		AppStore|iPhone = AppStore|iPhone
		AppStore|iPhoneSimulator = AppStore|iPhoneSimulator
		AppStore|x64 = AppStore|x64
		AppStore|x86 = AppStore|x86
		Debug|Any CPU = Debug|Any CPU
		Debug|ARM = Debug|ARM
		Debug|iPhone = Debug|iPhone
		Debug|iPhoneSimulator = Debug|iPhoneSimulator
		Debug|x64 = Debug|x64
		Debug|x86 = Debug|x86
		Release|Any CPU = Release|Any CPU
		Release|ARM = Release|ARM
		Release|iPhone = Release|iPhone
		Release|iPhoneSimulator = Release|iPhoneSimulator
		Release|x64 = Release|x64
		Release|x86 = Release|x86
	EndGlobalSection
	GlobalSection(ProjectConfigurationPlatforms) = postSolution
		{F87BE5A4-3B3D-4FFA-8D53-E8DF4330D891}.Ad-Hoc|Any CPU.ActiveCfg = Release|Any CPU
		{F87BE5A4-3B3D-4FFA-8D53-E8DF4330D891}.Ad-Hoc|Any CPU.Build.0 = Release|Any CPU
		{F87BE5A4-3B3D-4FFA-8D53-E8DF4330D891}.Ad-Hoc|Any CPU.Deploy.0 = Release|Any CPU
		{F87BE5A4-3B3D-4FFA-8D53-E8DF4330D891}.Ad-Hoc|ARM.ActiveCfg = Release|Any CPU
		{F87BE5A4-3B3D-4FFA-8D53-E8DF4330D891}.Ad-Hoc|ARM.Build.0 = Release|Any CPU
		{F87BE5A4-3B3D-4FFA-8D53-E8DF4330D891}.Ad-Hoc|ARM.Deploy.0 = Release|Any CPU
		{F87BE5A4-3B3D-4FFA-8D53-E8DF4330D891}.Ad-Hoc|iPhone.ActiveCfg = Release|Any CPU
		{F87BE5A4-3B3D-4FFA-8D53-E8DF4330D891}.Ad-Hoc|iPhone.Build.0 = Release|Any CPU
		{F87BE5A4-3B3D-4FFA-8D53-E8DF4330D891}.Ad-Hoc|iPhone.Deploy.0 = Release|Any CPU
		{F87BE5A4-3B3D-4FFA-8D53-E8DF4330D891}.Ad-Hoc|iPhoneSimulator.ActiveCfg = Release|Any CPU
		{F87BE5A4-3B3D-4FFA-8D53-E8DF4330D891}.Ad-Hoc|iPhoneSimulator.Build.0 = Release|Any CPU
		{F87BE5A4-3B3D-4FFA-8D53-E8DF4330D891}.Ad-Hoc|iPhoneSimulator.Deploy.0 = Release|Any CPU
		{F87BE5A4-3B3D-4FFA-8D53-E8DF4330D891}.Ad-Hoc|x64.ActiveCfg = Release|Any CPU
		{F87BE5A4-3B3D-4FFA-8D53-E8DF4330D891}.Ad-Hoc|x64.Build.0 = Release|Any CPU
		{F87BE5A4-3B3D-4FFA-8D53-E8DF4330D891}.Ad-Hoc|x64.Deploy.0 = Release|Any CPU
		{F87BE5A4-3B3D-4FFA-8D53-E8DF4330D891}.Ad-Hoc|x86.ActiveCfg = Release|Any CPU
		{F87BE5A4-3B3D-4FFA-8D53-E8DF4330D891}.Ad-Hoc|x86.Build.0 = Release|Any CPU
		{F87BE5A4-3B3D-4FFA-8D53-E8DF4330D891}.Ad-Hoc|x86.Deploy.0 = Release|Any CPU
		{F87BE5A4-3B3D-4FFA-8D53-E8DF4330D891}.AppStore|Any CPU.ActiveCfg = Release|Any CPU
		{F87BE5A4-3B3D-4FFA-8D53-E8DF4330D891}.AppStore|Any CPU.Build.0 = Release|Any CPU
		{F87BE5A4-3B3D-4FFA-8D53-E8DF4330D891}.AppStore|Any CPU.Deploy.0 = Release|Any CPU
		{F87BE5A4-3B3D-4FFA-8D53-E8DF4330D891}.AppStore|ARM.ActiveCfg = Release|Any CPU
		{F87BE5A4-3B3D-4FFA-8D53-E8DF4330D891}.AppStore|ARM.Build.0 = Release|Any CPU
		{F87BE5A4-3B3D-4FFA-8D53-E8DF4330D891}.AppStore|ARM.Deploy.0 = Release|Any CPU
		{F87BE5A4-3B3D-4FFA-8D53-E8DF4330D891}.AppStore|iPhone.ActiveCfg = Release|Any CPU
		{F87BE5A4-3B3D-4FFA-8D53-E8DF4330D891}.AppStore|iPhone.Build.0 = Release|Any CPU
		{F87BE5A4-3B3D-4FFA-8D53-E8DF4330D891}.AppStore|iPhone.Deploy.0 = Release|Any CPU
		{F87BE5A4-3B3D-4FFA-8D53-E8DF4330D891}.AppStore|iPhoneSimulator.ActiveCfg = Release|Any CPU
		{F87BE5A4-3B3D-4FFA-8D53-E8DF4330D891}.AppStore|iPhoneSimulator.Build.0 = Release|Any CPU
		{F87BE5A4-3B3D-4FFA-8D53-E8DF4330D891}.AppStore|iPhoneSimulator.Deploy.0 = Release|Any CPU
		{F87BE5A4-3B3D-4FFA-8D53-E8DF4330D891}.AppStore|x64.ActiveCfg = Release|Any CPU
		{F87BE5A4-3B3D-4FFA-8D53-E8DF4330D891}.AppStore|x64.Build.0 = Release|Any CPU
		{F87BE5A4-3B3D-4FFA-8D53-E8DF4330D891}.AppStore|x64.Deploy.0 = Release|Any CPU
		{F87BE5A4-3B3D-4FFA-8D53-E8DF4330D891}.AppStore|x86.ActiveCfg = Release|Any CPU
		{F87BE5A4-3B3D-4FFA-8D53-E8DF4330D891}.AppStore|x86.Build.0 = Release|Any CPU
		{F87BE5A4-3B3D-4FFA-8D53-E8DF4330D891}.AppStore|x86.Deploy.0 = Release|Any CPU
		{F87BE5A4-3B3D-4FFA-8D53-E8DF4330D891}.Debug|Any CPU.ActiveCfg = Debug|Any CPU
		{F87BE5A4-3B3D-4FFA-8D53-E8DF4330D891}.Debug|Any CPU.Build.0 = Debug|Any CPU
		{F87BE5A4-3B3D-4FFA-8D53-E8DF4330D891}.Debug|Any CPU.Deploy.0 = Debug|Any CPU
		{F87BE5A4-3B3D-4FFA-8D53-E8DF4330D891}.Debug|ARM.ActiveCfg = Debug|Any CPU
		{F87BE5A4-3B3D-4FFA-8D53-E8DF4330D891}.Debug|ARM.Build.0 = Debug|Any CPU
		{F87BE5A4-3B3D-4FFA-8D53-E8DF4330D891}.Debug|ARM.Deploy.0 = Debug|Any CPU
		{F87BE5A4-3B3D-4FFA-8D53-E8DF4330D891}.Debug|iPhone.ActiveCfg = Debug|Any CPU
		{F87BE5A4-3B3D-4FFA-8D53-E8DF4330D891}.Debug|iPhone.Build.0 = Debug|Any CPU
		{F87BE5A4-3B3D-4FFA-8D53-E8DF4330D891}.Debug|iPhone.Deploy.0 = Debug|Any CPU
		{F87BE5A4-3B3D-4FFA-8D53-E8DF4330D891}.Debug|iPhoneSimulator.ActiveCfg = Debug|Any CPU
		{F87BE5A4-3B3D-4FFA-8D53-E8DF4330D891}.Debug|iPhoneSimulator.Build.0 = Debug|Any CPU
		{F87BE5A4-3B3D-4FFA-8D53-E8DF4330D891}.Debug|iPhoneSimulator.Deploy.0 = Debug|Any CPU
		{F87BE5A4-3B3D-4FFA-8D53-E8DF4330D891}.Debug|x64.ActiveCfg = Debug|Any CPU
		{F87BE5A4-3B3D-4FFA-8D53-E8DF4330D891}.Debug|x64.Build.0 = Debug|Any CPU
		{F87BE5A4-3B3D-4FFA-8D53-E8DF4330D891}.Debug|x64.Deploy.0 = Debug|Any CPU
		{F87BE5A4-3B3D-4FFA-8D53-E8DF4330D891}.Debug|x86.ActiveCfg = Debug|Any CPU
		{F87BE5A4-3B3D-4FFA-8D53-E8DF4330D891}.Debug|x86.Build.0 = Debug|Any CPU
		{F87BE5A4-3B3D-4FFA-8D53-E8DF4330D891}.Debug|x86.Deploy.0 = Debug|Any CPU
		{F87BE5A4-3B3D-4FFA-8D53-E8DF4330D891}.Release|Any CPU.ActiveCfg = Release|Any CPU
		{F87BE5A4-3B3D-4FFA-8D53-E8DF4330D891}.Release|Any CPU.Build.0 = Release|Any CPU
		{F87BE5A4-3B3D-4FFA-8D53-E8DF4330D891}.Release|Any CPU.Deploy.0 = Release|Any CPU
		{F87BE5A4-3B3D-4FFA-8D53-E8DF4330D891}.Release|ARM.ActiveCfg = Release|Any CPU
		{F87BE5A4-3B3D-4FFA-8D53-E8DF4330D891}.Release|ARM.Build.0 = Release|Any CPU
		{F87BE5A4-3B3D-4FFA-8D53-E8DF4330D891}.Release|ARM.Deploy.0 = Release|Any CPU
		{F87BE5A4-3B3D-4FFA-8D53-E8DF4330D891}.Release|iPhone.ActiveCfg = Release|Any CPU
		{F87BE5A4-3B3D-4FFA-8D53-E8DF4330D891}.Release|iPhone.Build.0 = Release|Any CPU
		{F87BE5A4-3B3D-4FFA-8D53-E8DF4330D891}.Release|iPhone.Deploy.0 = Release|Any CPU
		{F87BE5A4-3B3D-4FFA-8D53-E8DF4330D891}.Release|iPhoneSimulator.ActiveCfg = Release|Any CPU
		{F87BE5A4-3B3D-4FFA-8D53-E8DF4330D891}.Release|iPhoneSimulator.Build.0 = Release|Any CPU
		{F87BE5A4-3B3D-4FFA-8D53-E8DF4330D891}.Release|iPhoneSimulator.Deploy.0 = Release|Any CPU
		{F87BE5A4-3B3D-4FFA-8D53-E8DF4330D891}.Release|x64.ActiveCfg = Release|Any CPU
		{F87BE5A4-3B3D-4FFA-8D53-E8DF4330D891}.Release|x64.Build.0 = Release|Any CPU
		{F87BE5A4-3B3D-4FFA-8D53-E8DF4330D891}.Release|x64.Deploy.0 = Release|Any CPU
		{F87BE5A4-3B3D-4FFA-8D53-E8DF4330D891}.Release|x86.ActiveCfg = Release|Any CPU
		{F87BE5A4-3B3D-4FFA-8D53-E8DF4330D891}.Release|x86.Build.0 = Release|Any CPU
		{F87BE5A4-3B3D-4FFA-8D53-E8DF4330D891}.Release|x86.Deploy.0 = Release|Any CPU
		{CB7A9E36-24EF-43FE-9E55-ABAD6F87437C}.Ad-Hoc|Any CPU.ActiveCfg = Ad-Hoc|iPhone
		{CB7A9E36-24EF-43FE-9E55-ABAD6F87437C}.Ad-Hoc|ARM.ActiveCfg = Ad-Hoc|iPhone
		{CB7A9E36-24EF-43FE-9E55-ABAD6F87437C}.Ad-Hoc|iPhone.ActiveCfg = Ad-Hoc|iPhone
		{CB7A9E36-24EF-43FE-9E55-ABAD6F87437C}.Ad-Hoc|iPhone.Build.0 = Ad-Hoc|iPhone
		{CB7A9E36-24EF-43FE-9E55-ABAD6F87437C}.Ad-Hoc|iPhoneSimulator.ActiveCfg = Ad-Hoc|iPhoneSimulator
		{CB7A9E36-24EF-43FE-9E55-ABAD6F87437C}.Ad-Hoc|iPhoneSimulator.Build.0 = Ad-Hoc|iPhoneSimulator
		{CB7A9E36-24EF-43FE-9E55-ABAD6F87437C}.Ad-Hoc|x64.ActiveCfg = Ad-Hoc|iPhone
		{CB7A9E36-24EF-43FE-9E55-ABAD6F87437C}.Ad-Hoc|x86.ActiveCfg = Ad-Hoc|iPhone
		{CB7A9E36-24EF-43FE-9E55-ABAD6F87437C}.AppStore|Any CPU.ActiveCfg = AppStore|iPhone
		{CB7A9E36-24EF-43FE-9E55-ABAD6F87437C}.AppStore|ARM.ActiveCfg = AppStore|iPhone
		{CB7A9E36-24EF-43FE-9E55-ABAD6F87437C}.AppStore|iPhone.ActiveCfg = AppStore|iPhone
		{CB7A9E36-24EF-43FE-9E55-ABAD6F87437C}.AppStore|iPhone.Build.0 = AppStore|iPhone
		{CB7A9E36-24EF-43FE-9E55-ABAD6F87437C}.AppStore|iPhoneSimulator.ActiveCfg = AppStore|iPhoneSimulator
		{CB7A9E36-24EF-43FE-9E55-ABAD6F87437C}.AppStore|iPhoneSimulator.Build.0 = AppStore|iPhoneSimulator
		{CB7A9E36-24EF-43FE-9E55-ABAD6F87437C}.AppStore|x64.ActiveCfg = AppStore|iPhone
		{CB7A9E36-24EF-43FE-9E55-ABAD6F87437C}.AppStore|x86.ActiveCfg = AppStore|iPhone
		{CB7A9E36-24EF-43FE-9E55-ABAD6F87437C}.Debug|Any CPU.ActiveCfg = Debug|iPhone
		{CB7A9E36-24EF-43FE-9E55-ABAD6F87437C}.Debug|ARM.ActiveCfg = Debug|iPhone
		{CB7A9E36-24EF-43FE-9E55-ABAD6F87437C}.Debug|iPhone.ActiveCfg = Debug|iPhone
		{CB7A9E36-24EF-43FE-9E55-ABAD6F87437C}.Debug|iPhone.Build.0 = Debug|iPhone
		{CB7A9E36-24EF-43FE-9E55-ABAD6F87437C}.Debug|iPhoneSimulator.ActiveCfg = Debug|iPhoneSimulator
		{CB7A9E36-24EF-43FE-9E55-ABAD6F87437C}.Debug|iPhoneSimulator.Build.0 = Debug|iPhoneSimulator
		{CB7A9E36-24EF-43FE-9E55-ABAD6F87437C}.Debug|x64.ActiveCfg = Debug|iPhone
		{CB7A9E36-24EF-43FE-9E55-ABAD6F87437C}.Debug|x86.ActiveCfg = Debug|iPhone
		{CB7A9E36-24EF-43FE-9E55-ABAD6F87437C}.Release|Any CPU.ActiveCfg = Release|iPhone
		{CB7A9E36-24EF-43FE-9E55-ABAD6F87437C}.Release|ARM.ActiveCfg = Release|iPhone
		{CB7A9E36-24EF-43FE-9E55-ABAD6F87437C}.Release|iPhone.ActiveCfg = Release|iPhone
		{CB7A9E36-24EF-43FE-9E55-ABAD6F87437C}.Release|iPhone.Build.0 = Release|iPhone
		{CB7A9E36-24EF-43FE-9E55-ABAD6F87437C}.Release|iPhoneSimulator.ActiveCfg = Release|iPhoneSimulator
		{CB7A9E36-24EF-43FE-9E55-ABAD6F87437C}.Release|iPhoneSimulator.Build.0 = Release|iPhoneSimulator
		{CB7A9E36-24EF-43FE-9E55-ABAD6F87437C}.Release|x64.ActiveCfg = Release|iPhone
		{CB7A9E36-24EF-43FE-9E55-ABAD6F87437C}.Release|x86.ActiveCfg = Release|iPhone
		{E15FD5F1-1139-4A74-91FF-C0E349162F10}.Ad-Hoc|Any CPU.ActiveCfg = Release|Any CPU
		{E15FD5F1-1139-4A74-91FF-C0E349162F10}.Ad-Hoc|Any CPU.Build.0 = Release|Any CPU
		{E15FD5F1-1139-4A74-91FF-C0E349162F10}.Ad-Hoc|Any CPU.Deploy.0 = Release|Any CPU
		{E15FD5F1-1139-4A74-91FF-C0E349162F10}.Ad-Hoc|ARM.ActiveCfg = Release|ARM
		{E15FD5F1-1139-4A74-91FF-C0E349162F10}.Ad-Hoc|ARM.Build.0 = Release|ARM
		{E15FD5F1-1139-4A74-91FF-C0E349162F10}.Ad-Hoc|ARM.Deploy.0 = Release|ARM
		{E15FD5F1-1139-4A74-91FF-C0E349162F10}.Ad-Hoc|iPhone.ActiveCfg = Release|Any CPU
		{E15FD5F1-1139-4A74-91FF-C0E349162F10}.Ad-Hoc|iPhone.Build.0 = Release|Any CPU
		{E15FD5F1-1139-4A74-91FF-C0E349162F10}.Ad-Hoc|iPhone.Deploy.0 = Release|Any CPU
		{E15FD5F1-1139-4A74-91FF-C0E349162F10}.Ad-Hoc|iPhoneSimulator.ActiveCfg = Release|Any CPU
		{E15FD5F1-1139-4A74-91FF-C0E349162F10}.Ad-Hoc|iPhoneSimulator.Build.0 = Release|Any CPU
		{E15FD5F1-1139-4A74-91FF-C0E349162F10}.Ad-Hoc|iPhoneSimulator.Deploy.0 = Release|Any CPU
		{E15FD5F1-1139-4A74-91FF-C0E349162F10}.Ad-Hoc|x64.ActiveCfg = Release|Any CPU
		{E15FD5F1-1139-4A74-91FF-C0E349162F10}.Ad-Hoc|x64.Build.0 = Release|Any CPU
		{E15FD5F1-1139-4A74-91FF-C0E349162F10}.Ad-Hoc|x64.Deploy.0 = Release|Any CPU
		{E15FD5F1-1139-4A74-91FF-C0E349162F10}.Ad-Hoc|x86.ActiveCfg = Release|x86
		{E15FD5F1-1139-4A74-91FF-C0E349162F10}.Ad-Hoc|x86.Build.0 = Release|x86
		{E15FD5F1-1139-4A74-91FF-C0E349162F10}.Ad-Hoc|x86.Deploy.0 = Release|x86
		{E15FD5F1-1139-4A74-91FF-C0E349162F10}.AppStore|Any CPU.ActiveCfg = Release|Any CPU
		{E15FD5F1-1139-4A74-91FF-C0E349162F10}.AppStore|Any CPU.Build.0 = Release|Any CPU
		{E15FD5F1-1139-4A74-91FF-C0E349162F10}.AppStore|Any CPU.Deploy.0 = Release|Any CPU
		{E15FD5F1-1139-4A74-91FF-C0E349162F10}.AppStore|ARM.ActiveCfg = Release|ARM
		{E15FD5F1-1139-4A74-91FF-C0E349162F10}.AppStore|ARM.Build.0 = Release|ARM
		{E15FD5F1-1139-4A74-91FF-C0E349162F10}.AppStore|ARM.Deploy.0 = Release|ARM
		{E15FD5F1-1139-4A74-91FF-C0E349162F10}.AppStore|iPhone.ActiveCfg = Release|Any CPU
		{E15FD5F1-1139-4A74-91FF-C0E349162F10}.AppStore|iPhone.Build.0 = Release|Any CPU
		{E15FD5F1-1139-4A74-91FF-C0E349162F10}.AppStore|iPhone.Deploy.0 = Release|Any CPU
		{E15FD5F1-1139-4A74-91FF-C0E349162F10}.AppStore|iPhoneSimulator.ActiveCfg = Release|Any CPU
		{E15FD5F1-1139-4A74-91FF-C0E349162F10}.AppStore|iPhoneSimulator.Build.0 = Release|Any CPU
		{E15FD5F1-1139-4A74-91FF-C0E349162F10}.AppStore|iPhoneSimulator.Deploy.0 = Release|Any CPU
		{E15FD5F1-1139-4A74-91FF-C0E349162F10}.AppStore|x64.ActiveCfg = Release|Any CPU
		{E15FD5F1-1139-4A74-91FF-C0E349162F10}.AppStore|x64.Build.0 = Release|Any CPU
		{E15FD5F1-1139-4A74-91FF-C0E349162F10}.AppStore|x64.Deploy.0 = Release|Any CPU
		{E15FD5F1-1139-4A74-91FF-C0E349162F10}.AppStore|x86.ActiveCfg = Release|x86
		{E15FD5F1-1139-4A74-91FF-C0E349162F10}.AppStore|x86.Build.0 = Release|x86
		{E15FD5F1-1139-4A74-91FF-C0E349162F10}.AppStore|x86.Deploy.0 = Release|x86
		{E15FD5F1-1139-4A74-91FF-C0E349162F10}.Debug|Any CPU.ActiveCfg = Debug|Any CPU
		{E15FD5F1-1139-4A74-91FF-C0E349162F10}.Debug|Any CPU.Build.0 = Debug|Any CPU
		{E15FD5F1-1139-4A74-91FF-C0E349162F10}.Debug|Any CPU.Deploy.0 = Debug|Any CPU
		{E15FD5F1-1139-4A74-91FF-C0E349162F10}.Debug|ARM.ActiveCfg = Debug|ARM
		{E15FD5F1-1139-4A74-91FF-C0E349162F10}.Debug|ARM.Build.0 = Debug|ARM
		{E15FD5F1-1139-4A74-91FF-C0E349162F10}.Debug|ARM.Deploy.0 = Debug|ARM
		{E15FD5F1-1139-4A74-91FF-C0E349162F10}.Debug|iPhone.ActiveCfg = Debug|Any CPU
		{E15FD5F1-1139-4A74-91FF-C0E349162F10}.Debug|iPhone.Build.0 = Debug|Any CPU
		{E15FD5F1-1139-4A74-91FF-C0E349162F10}.Debug|iPhone.Deploy.0 = Debug|Any CPU
		{E15FD5F1-1139-4A74-91FF-C0E349162F10}.Debug|iPhoneSimulator.ActiveCfg = Debug|Any CPU
		{E15FD5F1-1139-4A74-91FF-C0E349162F10}.Debug|iPhoneSimulator.Build.0 = Debug|Any CPU
		{E15FD5F1-1139-4A74-91FF-C0E349162F10}.Debug|iPhoneSimulator.Deploy.0 = Debug|Any CPU
		{E15FD5F1-1139-4A74-91FF-C0E349162F10}.Debug|x64.ActiveCfg = Debug|Any CPU
		{E15FD5F1-1139-4A74-91FF-C0E349162F10}.Debug|x64.Build.0 = Debug|Any CPU
		{E15FD5F1-1139-4A74-91FF-C0E349162F10}.Debug|x64.Deploy.0 = Debug|Any CPU
		{E15FD5F1-1139-4A74-91FF-C0E349162F10}.Debug|x86.ActiveCfg = Debug|x86
		{E15FD5F1-1139-4A74-91FF-C0E349162F10}.Debug|x86.Build.0 = Debug|x86
		{E15FD5F1-1139-4A74-91FF-C0E349162F10}.Debug|x86.Deploy.0 = Debug|x86
		{E15FD5F1-1139-4A74-91FF-C0E349162F10}.Release|Any CPU.ActiveCfg = Release|Any CPU
		{E15FD5F1-1139-4A74-91FF-C0E349162F10}.Release|Any CPU.Build.0 = Release|Any CPU
		{E15FD5F1-1139-4A74-91FF-C0E349162F10}.Release|Any CPU.Deploy.0 = Release|Any CPU
		{E15FD5F1-1139-4A74-91FF-C0E349162F10}.Release|ARM.ActiveCfg = Release|ARM
		{E15FD5F1-1139-4A74-91FF-C0E349162F10}.Release|ARM.Build.0 = Release|ARM
		{E15FD5F1-1139-4A74-91FF-C0E349162F10}.Release|ARM.Deploy.0 = Release|ARM
		{E15FD5F1-1139-4A74-91FF-C0E349162F10}.Release|iPhone.ActiveCfg = Release|Any CPU
		{E15FD5F1-1139-4A74-91FF-C0E349162F10}.Release|iPhone.Build.0 = Release|Any CPU
		{E15FD5F1-1139-4A74-91FF-C0E349162F10}.Release|iPhone.Deploy.0 = Release|Any CPU
		{E15FD5F1-1139-4A74-91FF-C0E349162F10}.Release|iPhoneSimulator.ActiveCfg = Release|Any CPU
		{E15FD5F1-1139-4A74-91FF-C0E349162F10}.Release|iPhoneSimulator.Build.0 = Release|Any CPU
		{E15FD5F1-1139-4A74-91FF-C0E349162F10}.Release|iPhoneSimulator.Deploy.0 = Release|Any CPU
		{E15FD5F1-1139-4A74-91FF-C0E349162F10}.Release|x64.ActiveCfg = Release|Any CPU
		{E15FD5F1-1139-4A74-91FF-C0E349162F10}.Release|x64.Build.0 = Release|Any CPU
		{E15FD5F1-1139-4A74-91FF-C0E349162F10}.Release|x64.Deploy.0 = Release|Any CPU
		{E15FD5F1-1139-4A74-91FF-C0E349162F10}.Release|x86.ActiveCfg = Release|x86
		{E15FD5F1-1139-4A74-91FF-C0E349162F10}.Release|x86.Build.0 = Release|x86
		{E15FD5F1-1139-4A74-91FF-C0E349162F10}.Release|x86.Deploy.0 = Release|x86
		{DF31DC3B-7D7A-49A2-86B4-2CA0446836F7}.Ad-Hoc|Any CPU.ActiveCfg = Release|x86
		{DF31DC3B-7D7A-49A2-86B4-2CA0446836F7}.Ad-Hoc|Any CPU.Build.0 = Release|x86
		{DF31DC3B-7D7A-49A2-86B4-2CA0446836F7}.Ad-Hoc|Any CPU.Deploy.0 = Release|x86
		{DF31DC3B-7D7A-49A2-86B4-2CA0446836F7}.Ad-Hoc|ARM.ActiveCfg = Release|ARM
		{DF31DC3B-7D7A-49A2-86B4-2CA0446836F7}.Ad-Hoc|ARM.Build.0 = Release|ARM
		{DF31DC3B-7D7A-49A2-86B4-2CA0446836F7}.Ad-Hoc|ARM.Deploy.0 = Release|ARM
		{DF31DC3B-7D7A-49A2-86B4-2CA0446836F7}.Ad-Hoc|iPhone.ActiveCfg = Release|x86
		{DF31DC3B-7D7A-49A2-86B4-2CA0446836F7}.Ad-Hoc|iPhone.Build.0 = Release|x86
		{DF31DC3B-7D7A-49A2-86B4-2CA0446836F7}.Ad-Hoc|iPhone.Deploy.0 = Release|x86
		{DF31DC3B-7D7A-49A2-86B4-2CA0446836F7}.Ad-Hoc|iPhoneSimulator.ActiveCfg = Release|x86
		{DF31DC3B-7D7A-49A2-86B4-2CA0446836F7}.Ad-Hoc|iPhoneSimulator.Build.0 = Release|x86
		{DF31DC3B-7D7A-49A2-86B4-2CA0446836F7}.Ad-Hoc|iPhoneSimulator.Deploy.0 = Release|x86
		{DF31DC3B-7D7A-49A2-86B4-2CA0446836F7}.Ad-Hoc|x64.ActiveCfg = Release|x64
		{DF31DC3B-7D7A-49A2-86B4-2CA0446836F7}.Ad-Hoc|x64.Build.0 = Release|x64
		{DF31DC3B-7D7A-49A2-86B4-2CA0446836F7}.Ad-Hoc|x64.Deploy.0 = Release|x64
		{DF31DC3B-7D7A-49A2-86B4-2CA0446836F7}.Ad-Hoc|x86.ActiveCfg = Release|x86
		{DF31DC3B-7D7A-49A2-86B4-2CA0446836F7}.Ad-Hoc|x86.Build.0 = Release|x86
		{DF31DC3B-7D7A-49A2-86B4-2CA0446836F7}.Ad-Hoc|x86.Deploy.0 = Release|x86
		{DF31DC3B-7D7A-49A2-86B4-2CA0446836F7}.AppStore|Any CPU.ActiveCfg = Release|x86
		{DF31DC3B-7D7A-49A2-86B4-2CA0446836F7}.AppStore|Any CPU.Build.0 = Release|x86
		{DF31DC3B-7D7A-49A2-86B4-2CA0446836F7}.AppStore|Any CPU.Deploy.0 = Release|x86
		{DF31DC3B-7D7A-49A2-86B4-2CA0446836F7}.AppStore|ARM.ActiveCfg = Release|ARM
		{DF31DC3B-7D7A-49A2-86B4-2CA0446836F7}.AppStore|ARM.Build.0 = Release|ARM
		{DF31DC3B-7D7A-49A2-86B4-2CA0446836F7}.AppStore|ARM.Deploy.0 = Release|ARM
		{DF31DC3B-7D7A-49A2-86B4-2CA0446836F7}.AppStore|iPhone.ActiveCfg = Release|x86
		{DF31DC3B-7D7A-49A2-86B4-2CA0446836F7}.AppStore|iPhone.Build.0 = Release|x86
		{DF31DC3B-7D7A-49A2-86B4-2CA0446836F7}.AppStore|iPhone.Deploy.0 = Release|x86
		{DF31DC3B-7D7A-49A2-86B4-2CA0446836F7}.AppStore|iPhoneSimulator.ActiveCfg = Release|x86
		{DF31DC3B-7D7A-49A2-86B4-2CA0446836F7}.AppStore|iPhoneSimulator.Build.0 = Release|x86
		{DF31DC3B-7D7A-49A2-86B4-2CA0446836F7}.AppStore|iPhoneSimulator.Deploy.0 = Release|x86
		{DF31DC3B-7D7A-49A2-86B4-2CA0446836F7}.AppStore|x64.ActiveCfg = Release|x64
		{DF31DC3B-7D7A-49A2-86B4-2CA0446836F7}.AppStore|x64.Build.0 = Release|x64
		{DF31DC3B-7D7A-49A2-86B4-2CA0446836F7}.AppStore|x64.Deploy.0 = Release|x64
		{DF31DC3B-7D7A-49A2-86B4-2CA0446836F7}.AppStore|x86.ActiveCfg = Release|x86
		{DF31DC3B-7D7A-49A2-86B4-2CA0446836F7}.AppStore|x86.Build.0 = Release|x86
		{DF31DC3B-7D7A-49A2-86B4-2CA0446836F7}.AppStore|x86.Deploy.0 = Release|x86
		{DF31DC3B-7D7A-49A2-86B4-2CA0446836F7}.Debug|Any CPU.ActiveCfg = Debug|x86
		{DF31DC3B-7D7A-49A2-86B4-2CA0446836F7}.Debug|ARM.ActiveCfg = Debug|ARM
		{DF31DC3B-7D7A-49A2-86B4-2CA0446836F7}.Debug|ARM.Build.0 = Debug|ARM
		{DF31DC3B-7D7A-49A2-86B4-2CA0446836F7}.Debug|ARM.Deploy.0 = Debug|ARM
		{DF31DC3B-7D7A-49A2-86B4-2CA0446836F7}.Debug|iPhone.ActiveCfg = Debug|x86
		{DF31DC3B-7D7A-49A2-86B4-2CA0446836F7}.Debug|iPhoneSimulator.ActiveCfg = Debug|x86
		{DF31DC3B-7D7A-49A2-86B4-2CA0446836F7}.Debug|x64.ActiveCfg = Debug|x64
		{DF31DC3B-7D7A-49A2-86B4-2CA0446836F7}.Debug|x64.Build.0 = Debug|x64
		{DF31DC3B-7D7A-49A2-86B4-2CA0446836F7}.Debug|x64.Deploy.0 = Debug|x64
		{DF31DC3B-7D7A-49A2-86B4-2CA0446836F7}.Debug|x86.ActiveCfg = Debug|x86
		{DF31DC3B-7D7A-49A2-86B4-2CA0446836F7}.Debug|x86.Build.0 = Debug|x86
		{DF31DC3B-7D7A-49A2-86B4-2CA0446836F7}.Debug|x86.Deploy.0 = Debug|x86
		{DF31DC3B-7D7A-49A2-86B4-2CA0446836F7}.Release|Any CPU.ActiveCfg = Release|x86
		{DF31DC3B-7D7A-49A2-86B4-2CA0446836F7}.Release|ARM.ActiveCfg = Release|ARM
		{DF31DC3B-7D7A-49A2-86B4-2CA0446836F7}.Release|ARM.Build.0 = Release|ARM
		{DF31DC3B-7D7A-49A2-86B4-2CA0446836F7}.Release|ARM.Deploy.0 = Release|ARM
		{DF31DC3B-7D7A-49A2-86B4-2CA0446836F7}.Release|iPhone.ActiveCfg = Release|x86
		{DF31DC3B-7D7A-49A2-86B4-2CA0446836F7}.Release|iPhoneSimulator.ActiveCfg = Release|x86
		{DF31DC3B-7D7A-49A2-86B4-2CA0446836F7}.Release|x64.ActiveCfg = Release|x64
		{DF31DC3B-7D7A-49A2-86B4-2CA0446836F7}.Release|x64.Build.0 = Release|x64
		{DF31DC3B-7D7A-49A2-86B4-2CA0446836F7}.Release|x64.Deploy.0 = Release|x64
		{DF31DC3B-7D7A-49A2-86B4-2CA0446836F7}.Release|x86.ActiveCfg = Release|x86
		{DF31DC3B-7D7A-49A2-86B4-2CA0446836F7}.Release|x86.Build.0 = Release|x86
		{DF31DC3B-7D7A-49A2-86B4-2CA0446836F7}.Release|x86.Deploy.0 = Release|x86
		{255ADF9E-10FE-4FB1-8DDD-2DE8937C41AC}.Ad-Hoc|Any CPU.ActiveCfg = Release|Any CPU
		{255ADF9E-10FE-4FB1-8DDD-2DE8937C41AC}.Ad-Hoc|Any CPU.Build.0 = Release|Any CPU
		{255ADF9E-10FE-4FB1-8DDD-2DE8937C41AC}.Ad-Hoc|Any CPU.Deploy.0 = Release|Any CPU
		{255ADF9E-10FE-4FB1-8DDD-2DE8937C41AC}.Ad-Hoc|ARM.ActiveCfg = Release|ARM
		{255ADF9E-10FE-4FB1-8DDD-2DE8937C41AC}.Ad-Hoc|ARM.Build.0 = Release|ARM
		{255ADF9E-10FE-4FB1-8DDD-2DE8937C41AC}.Ad-Hoc|ARM.Deploy.0 = Release|ARM
		{255ADF9E-10FE-4FB1-8DDD-2DE8937C41AC}.Ad-Hoc|iPhone.ActiveCfg = Release|Any CPU
		{255ADF9E-10FE-4FB1-8DDD-2DE8937C41AC}.Ad-Hoc|iPhone.Build.0 = Release|Any CPU
		{255ADF9E-10FE-4FB1-8DDD-2DE8937C41AC}.Ad-Hoc|iPhone.Deploy.0 = Release|Any CPU
		{255ADF9E-10FE-4FB1-8DDD-2DE8937C41AC}.Ad-Hoc|iPhoneSimulator.ActiveCfg = Release|Any CPU
		{255ADF9E-10FE-4FB1-8DDD-2DE8937C41AC}.Ad-Hoc|iPhoneSimulator.Build.0 = Release|Any CPU
		{255ADF9E-10FE-4FB1-8DDD-2DE8937C41AC}.Ad-Hoc|iPhoneSimulator.Deploy.0 = Release|Any CPU
		{255ADF9E-10FE-4FB1-8DDD-2DE8937C41AC}.Ad-Hoc|x64.ActiveCfg = Release|x64
		{255ADF9E-10FE-4FB1-8DDD-2DE8937C41AC}.Ad-Hoc|x64.Build.0 = Release|x64
		{255ADF9E-10FE-4FB1-8DDD-2DE8937C41AC}.Ad-Hoc|x64.Deploy.0 = Release|x64
		{255ADF9E-10FE-4FB1-8DDD-2DE8937C41AC}.Ad-Hoc|x86.ActiveCfg = Release|x86
		{255ADF9E-10FE-4FB1-8DDD-2DE8937C41AC}.Ad-Hoc|x86.Build.0 = Release|x86
		{255ADF9E-10FE-4FB1-8DDD-2DE8937C41AC}.Ad-Hoc|x86.Deploy.0 = Release|x86
		{255ADF9E-10FE-4FB1-8DDD-2DE8937C41AC}.AppStore|Any CPU.ActiveCfg = Release|Any CPU
		{255ADF9E-10FE-4FB1-8DDD-2DE8937C41AC}.AppStore|Any CPU.Build.0 = Release|Any CPU
		{255ADF9E-10FE-4FB1-8DDD-2DE8937C41AC}.AppStore|Any CPU.Deploy.0 = Release|Any CPU
		{255ADF9E-10FE-4FB1-8DDD-2DE8937C41AC}.AppStore|ARM.ActiveCfg = Release|ARM
		{255ADF9E-10FE-4FB1-8DDD-2DE8937C41AC}.AppStore|ARM.Build.0 = Release|ARM
		{255ADF9E-10FE-4FB1-8DDD-2DE8937C41AC}.AppStore|ARM.Deploy.0 = Release|ARM
		{255ADF9E-10FE-4FB1-8DDD-2DE8937C41AC}.AppStore|iPhone.ActiveCfg = Release|Any CPU
		{255ADF9E-10FE-4FB1-8DDD-2DE8937C41AC}.AppStore|iPhone.Build.0 = Release|Any CPU
		{255ADF9E-10FE-4FB1-8DDD-2DE8937C41AC}.AppStore|iPhone.Deploy.0 = Release|Any CPU
		{255ADF9E-10FE-4FB1-8DDD-2DE8937C41AC}.AppStore|iPhoneSimulator.ActiveCfg = Release|Any CPU
		{255ADF9E-10FE-4FB1-8DDD-2DE8937C41AC}.AppStore|iPhoneSimulator.Build.0 = Release|Any CPU
		{255ADF9E-10FE-4FB1-8DDD-2DE8937C41AC}.AppStore|iPhoneSimulator.Deploy.0 = Release|Any CPU
		{255ADF9E-10FE-4FB1-8DDD-2DE8937C41AC}.AppStore|x64.ActiveCfg = Release|x64
		{255ADF9E-10FE-4FB1-8DDD-2DE8937C41AC}.AppStore|x64.Build.0 = Release|x64
		{255ADF9E-10FE-4FB1-8DDD-2DE8937C41AC}.AppStore|x64.Deploy.0 = Release|x64
		{255ADF9E-10FE-4FB1-8DDD-2DE8937C41AC}.AppStore|x86.ActiveCfg = Release|x86
		{255ADF9E-10FE-4FB1-8DDD-2DE8937C41AC}.AppStore|x86.Build.0 = Release|x86
		{255ADF9E-10FE-4FB1-8DDD-2DE8937C41AC}.AppStore|x86.Deploy.0 = Release|x86
		{255ADF9E-10FE-4FB1-8DDD-2DE8937C41AC}.Debug|Any CPU.ActiveCfg = Debug|Any CPU
		{255ADF9E-10FE-4FB1-8DDD-2DE8937C41AC}.Debug|Any CPU.Build.0 = Debug|Any CPU
		{255ADF9E-10FE-4FB1-8DDD-2DE8937C41AC}.Debug|Any CPU.Deploy.0 = Debug|Any CPU
		{255ADF9E-10FE-4FB1-8DDD-2DE8937C41AC}.Debug|ARM.ActiveCfg = Debug|ARM
		{255ADF9E-10FE-4FB1-8DDD-2DE8937C41AC}.Debug|ARM.Build.0 = Debug|ARM
		{255ADF9E-10FE-4FB1-8DDD-2DE8937C41AC}.Debug|ARM.Deploy.0 = Debug|ARM
		{255ADF9E-10FE-4FB1-8DDD-2DE8937C41AC}.Debug|iPhone.ActiveCfg = Debug|Any CPU
		{255ADF9E-10FE-4FB1-8DDD-2DE8937C41AC}.Debug|iPhone.Build.0 = Debug|Any CPU
		{255ADF9E-10FE-4FB1-8DDD-2DE8937C41AC}.Debug|iPhone.Deploy.0 = Debug|Any CPU
		{255ADF9E-10FE-4FB1-8DDD-2DE8937C41AC}.Debug|iPhoneSimulator.ActiveCfg = Debug|Any CPU
		{255ADF9E-10FE-4FB1-8DDD-2DE8937C41AC}.Debug|iPhoneSimulator.Build.0 = Debug|Any CPU
		{255ADF9E-10FE-4FB1-8DDD-2DE8937C41AC}.Debug|iPhoneSimulator.Deploy.0 = Debug|Any CPU
		{255ADF9E-10FE-4FB1-8DDD-2DE8937C41AC}.Debug|x64.ActiveCfg = Debug|x64
		{255ADF9E-10FE-4FB1-8DDD-2DE8937C41AC}.Debug|x64.Build.0 = Debug|x64
		{255ADF9E-10FE-4FB1-8DDD-2DE8937C41AC}.Debug|x64.Deploy.0 = Debug|x64
		{255ADF9E-10FE-4FB1-8DDD-2DE8937C41AC}.Debug|x86.ActiveCfg = Debug|x86
		{255ADF9E-10FE-4FB1-8DDD-2DE8937C41AC}.Debug|x86.Build.0 = Debug|x86
		{255ADF9E-10FE-4FB1-8DDD-2DE8937C41AC}.Debug|x86.Deploy.0 = Debug|x86
		{255ADF9E-10FE-4FB1-8DDD-2DE8937C41AC}.Release|Any CPU.ActiveCfg = Release|Any CPU
		{255ADF9E-10FE-4FB1-8DDD-2DE8937C41AC}.Release|Any CPU.Build.0 = Release|Any CPU
		{255ADF9E-10FE-4FB1-8DDD-2DE8937C41AC}.Release|Any CPU.Deploy.0 = Release|Any CPU
		{255ADF9E-10FE-4FB1-8DDD-2DE8937C41AC}.Release|ARM.ActiveCfg = Release|ARM
		{255ADF9E-10FE-4FB1-8DDD-2DE8937C41AC}.Release|ARM.Build.0 = Release|ARM
		{255ADF9E-10FE-4FB1-8DDD-2DE8937C41AC}.Release|ARM.Deploy.0 = Release|ARM
		{255ADF9E-10FE-4FB1-8DDD-2DE8937C41AC}.Release|iPhone.ActiveCfg = Release|Any CPU
		{255ADF9E-10FE-4FB1-8DDD-2DE8937C41AC}.Release|iPhone.Build.0 = Release|Any CPU
		{255ADF9E-10FE-4FB1-8DDD-2DE8937C41AC}.Release|iPhone.Deploy.0 = Release|Any CPU
		{255ADF9E-10FE-4FB1-8DDD-2DE8937C41AC}.Release|iPhoneSimulator.ActiveCfg = Release|Any CPU
		{255ADF9E-10FE-4FB1-8DDD-2DE8937C41AC}.Release|iPhoneSimulator.Build.0 = Release|Any CPU
		{255ADF9E-10FE-4FB1-8DDD-2DE8937C41AC}.Release|iPhoneSimulator.Deploy.0 = Release|Any CPU
		{255ADF9E-10FE-4FB1-8DDD-2DE8937C41AC}.Release|x64.ActiveCfg = Release|x64
		{255ADF9E-10FE-4FB1-8DDD-2DE8937C41AC}.Release|x64.Build.0 = Release|x64
		{255ADF9E-10FE-4FB1-8DDD-2DE8937C41AC}.Release|x64.Deploy.0 = Release|x64
		{255ADF9E-10FE-4FB1-8DDD-2DE8937C41AC}.Release|x86.ActiveCfg = Release|x86
		{255ADF9E-10FE-4FB1-8DDD-2DE8937C41AC}.Release|x86.Build.0 = Release|x86
		{255ADF9E-10FE-4FB1-8DDD-2DE8937C41AC}.Release|x86.Deploy.0 = Release|x86
		{C60F9D0C-F085-4FEE-B18C-7C478C460AF9}.Ad-Hoc|Any CPU.ActiveCfg = Release|Any CPU
		{C60F9D0C-F085-4FEE-B18C-7C478C460AF9}.Ad-Hoc|Any CPU.Build.0 = Release|Any CPU
		{C60F9D0C-F085-4FEE-B18C-7C478C460AF9}.Ad-Hoc|ARM.ActiveCfg = Release|Any CPU
		{C60F9D0C-F085-4FEE-B18C-7C478C460AF9}.Ad-Hoc|ARM.Build.0 = Release|Any CPU
		{C60F9D0C-F085-4FEE-B18C-7C478C460AF9}.Ad-Hoc|iPhone.ActiveCfg = Release|Any CPU
		{C60F9D0C-F085-4FEE-B18C-7C478C460AF9}.Ad-Hoc|iPhone.Build.0 = Release|Any CPU
		{C60F9D0C-F085-4FEE-B18C-7C478C460AF9}.Ad-Hoc|iPhoneSimulator.ActiveCfg = Release|Any CPU
		{C60F9D0C-F085-4FEE-B18C-7C478C460AF9}.Ad-Hoc|iPhoneSimulator.Build.0 = Release|Any CPU
		{C60F9D0C-F085-4FEE-B18C-7C478C460AF9}.Ad-Hoc|x64.ActiveCfg = Release|Any CPU
		{C60F9D0C-F085-4FEE-B18C-7C478C460AF9}.Ad-Hoc|x64.Build.0 = Release|Any CPU
		{C60F9D0C-F085-4FEE-B18C-7C478C460AF9}.Ad-Hoc|x86.ActiveCfg = Release|Any CPU
		{C60F9D0C-F085-4FEE-B18C-7C478C460AF9}.Ad-Hoc|x86.Build.0 = Release|Any CPU
		{C60F9D0C-F085-4FEE-B18C-7C478C460AF9}.AppStore|Any CPU.ActiveCfg = Release|Any CPU
		{C60F9D0C-F085-4FEE-B18C-7C478C460AF9}.AppStore|Any CPU.Build.0 = Release|Any CPU
		{C60F9D0C-F085-4FEE-B18C-7C478C460AF9}.AppStore|ARM.ActiveCfg = Release|Any CPU
		{C60F9D0C-F085-4FEE-B18C-7C478C460AF9}.AppStore|ARM.Build.0 = Release|Any CPU
		{C60F9D0C-F085-4FEE-B18C-7C478C460AF9}.AppStore|iPhone.ActiveCfg = Release|Any CPU
		{C60F9D0C-F085-4FEE-B18C-7C478C460AF9}.AppStore|iPhone.Build.0 = Release|Any CPU
		{C60F9D0C-F085-4FEE-B18C-7C478C460AF9}.AppStore|iPhoneSimulator.ActiveCfg = Release|Any CPU
		{C60F9D0C-F085-4FEE-B18C-7C478C460AF9}.AppStore|iPhoneSimulator.Build.0 = Release|Any CPU
		{C60F9D0C-F085-4FEE-B18C-7C478C460AF9}.AppStore|x64.ActiveCfg = Release|Any CPU
		{C60F9D0C-F085-4FEE-B18C-7C478C460AF9}.AppStore|x64.Build.0 = Release|Any CPU
		{C60F9D0C-F085-4FEE-B18C-7C478C460AF9}.AppStore|x86.ActiveCfg = Release|Any CPU
		{C60F9D0C-F085-4FEE-B18C-7C478C460AF9}.AppStore|x86.Build.0 = Release|Any CPU
		{C60F9D0C-F085-4FEE-B18C-7C478C460AF9}.Debug|Any CPU.ActiveCfg = Debug|Any CPU
		{C60F9D0C-F085-4FEE-B18C-7C478C460AF9}.Debug|Any CPU.Build.0 = Debug|Any CPU
		{C60F9D0C-F085-4FEE-B18C-7C478C460AF9}.Debug|ARM.ActiveCfg = Debug|Any CPU
		{C60F9D0C-F085-4FEE-B18C-7C478C460AF9}.Debug|ARM.Build.0 = Debug|Any CPU
		{C60F9D0C-F085-4FEE-B18C-7C478C460AF9}.Debug|iPhone.ActiveCfg = Debug|Any CPU
		{C60F9D0C-F085-4FEE-B18C-7C478C460AF9}.Debug|iPhone.Build.0 = Debug|Any CPU
		{C60F9D0C-F085-4FEE-B18C-7C478C460AF9}.Debug|iPhoneSimulator.ActiveCfg = Debug|Any CPU
		{C60F9D0C-F085-4FEE-B18C-7C478C460AF9}.Debug|iPhoneSimulator.Build.0 = Debug|Any CPU
		{C60F9D0C-F085-4FEE-B18C-7C478C460AF9}.Debug|x64.ActiveCfg = Debug|Any CPU
		{C60F9D0C-F085-4FEE-B18C-7C478C460AF9}.Debug|x64.Build.0 = Debug|Any CPU
		{C60F9D0C-F085-4FEE-B18C-7C478C460AF9}.Debug|x86.ActiveCfg = Debug|Any CPU
		{C60F9D0C-F085-4FEE-B18C-7C478C460AF9}.Debug|x86.Build.0 = Debug|Any CPU
		{C60F9D0C-F085-4FEE-B18C-7C478C460AF9}.Release|Any CPU.ActiveCfg = Release|Any CPU
		{C60F9D0C-F085-4FEE-B18C-7C478C460AF9}.Release|Any CPU.Build.0 = Release|Any CPU
		{C60F9D0C-F085-4FEE-B18C-7C478C460AF9}.Release|ARM.ActiveCfg = Release|Any CPU
		{C60F9D0C-F085-4FEE-B18C-7C478C460AF9}.Release|ARM.Build.0 = Release|Any CPU
		{C60F9D0C-F085-4FEE-B18C-7C478C460AF9}.Release|iPhone.ActiveCfg = Release|Any CPU
		{C60F9D0C-F085-4FEE-B18C-7C478C460AF9}.Release|iPhone.Build.0 = Release|Any CPU
		{C60F9D0C-F085-4FEE-B18C-7C478C460AF9}.Release|iPhoneSimulator.ActiveCfg = Release|Any CPU
		{C60F9D0C-F085-4FEE-B18C-7C478C460AF9}.Release|iPhoneSimulator.Build.0 = Release|Any CPU
		{C60F9D0C-F085-4FEE-B18C-7C478C460AF9}.Release|x64.ActiveCfg = Release|Any CPU
		{C60F9D0C-F085-4FEE-B18C-7C478C460AF9}.Release|x64.Build.0 = Release|Any CPU
		{C60F9D0C-F085-4FEE-B18C-7C478C460AF9}.Release|x86.ActiveCfg = Release|Any CPU
		{C60F9D0C-F085-4FEE-B18C-7C478C460AF9}.Release|x86.Build.0 = Release|Any CPU
	EndGlobalSection
	GlobalSection(SolutionProperties) = preSolution
		HideSolutionNode = FALSE
	EndGlobalSection
EndGlobal
